github.com/marcboeker/go-duckdb v0.0.0-20220306175747-1c5e73e205b8 h1:4ZaOiw1bqRSooIo8qOkIOiz6YI8hnnqYbFXj5qxmLUk=
github.com/marcboeker/go-duckdb v0.0.0-20220306175747-1c5e73e205b8/go.mod h1:y3YArxr5xJgWap+Ehxg1iyPXaUvls/VANYEQVyhKvdM=
github.com/pkg/profile v1.6.0 h1:hUDfIISABYI59DyeB3OTay/HxSRwTQ8rB/H83k6r5dM=
github.com/pkg/profile v1.6.0/go.mod h1:qBsxPvzyUincmltOk6iyRVxHYg4adc0OFOv72ZdLa18=
